
Microsoft Visual Studio Solution File, Format Version 12.00
# Visual Studio Version 17
VisualStudioVersion = 17.5.33414.496
MinimumVisualStudioVersion = 10.0.40219.1
Project("{FAE04EC0-301F-11D3-BF4B-00C04F79EFBC}") = "TP_MOD5_1302210106", "TP_MOD5_1302210106\TP_MOD5_1302210106.csproj", "{DDF2DA10-B018-433B-9FB5-3676C269AAD0}"
EndProject
Global
	GlobalSection(SolutionConfigurationPlatforms) = preSolution
		Debug|Any CPU = Debug|Any CPU
		Release|Any CPU = Release|Any CPU
	EndGlobalSection
	GlobalSection(ProjectConfigurationPlatforms) = postSolution
		{DDF2DA10-B018-433B-9FB5-3676C269AAD0}.Debug|Any CPU.ActiveCfg = Debug|Any CPU
		{DDF2DA10-B018-433B-9FB5-3676C269AAD0}.Debug|Any CPU.Build.0 = Debug|Any CPU
		{DDF2DA10-B018-433B-9FB5-3676C269AAD0}.Release|Any CPU.ActiveCfg = Release|Any CPU
		{DDF2DA10-B018-433B-9FB5-3676C269AAD0}.Release|Any CPU.Build.0 = Release|Any CPU
	EndGlobalSection
	GlobalSection(SolutionProperties) = preSolution
		HideSolutionNode = FALSE
	EndGlobalSection
	GlobalSection(ExtensibilityGlobals) = postSolution
		SolutionGuid = {7C156BC5-3AA0-47A3-8F92-4A89D04191AF}
	EndGlobalSection
EndGlobal
